
Microsoft Visual Studio Solution File, Format Version 12.00
Project("{FAE04EC0-301F-11D3-BF4B-00C04F79EFBC}") = "ZUMI_Backend", "ZUMI_Backend.csproj", "{70CEB532-7D05-49ED-B7B8-CDEC50B4368A}"
EndProject
Project("{2150E333-8FDC-42A3-9474-1A3956D46DE8}") = "Solution Items", "Solution Items", "{8B6F405A-7229-4C66-A4C7-A451B39EC79A}"
	ProjectSection(SolutionItems) = preProject
		compose.yaml = compose.yaml
	EndProjectSection
EndProject
Project("{FAE04EC0-301F-11D3-BF4B-00C04F79EFBC}") = "ZUMI_Converter", "ZUMI_Converter\ZUMI_Converter.csproj", "{11A54F86-0210-4331-BDC1-80E7A9230C5B}"
EndProject
Global
	GlobalSection(SolutionConfigurationPlatforms) = preSolution
		Debug|Any CPU = Debug|Any CPU
		Release|Any CPU = Release|Any CPU
	EndGlobalSection
	GlobalSection(ProjectConfigurationPlatforms) = postSolution
		{70CEB532-7D05-49ED-B7B8-CDEC50B4368A}.Debug|Any CPU.ActiveCfg = Debug|Any CPU
		{70CEB532-7D05-49ED-B7B8-CDEC50B4368A}.Debug|Any CPU.Build.0 = Debug|Any CPU
		{70CEB532-7D05-49ED-B7B8-CDEC50B4368A}.Release|Any CPU.ActiveCfg = Release|Any CPU
		{70CEB532-7D05-49ED-B7B8-CDEC50B4368A}.Release|Any CPU.Build.0 = Release|Any CPU
		{11A54F86-0210-4331-BDC1-80E7A9230C5B}.Debug|Any CPU.ActiveCfg = Debug|Any CPU
		{11A54F86-0210-4331-BDC1-80E7A9230C5B}.Debug|Any CPU.Build.0 = Debug|Any CPU
		{11A54F86-0210-4331-BDC1-80E7A9230C5B}.Release|Any CPU.ActiveCfg = Release|Any CPU
		{11A54F86-0210-4331-BDC1-80E7A9230C5B}.Release|Any CPU.Build.0 = Release|Any CPU
	EndGlobalSection
EndGlobal
